
Microsoft Visual Studio Solution File, Format Version 10.00
# Visual Studio 2008
Project("{FAE04EC0-301F-11D3-BF4B-00C04F79EFBC}") = "器件ROM号接收与显示C#程序", "器件ROM号接收与显示C#程序.csproj", "{EE8B08C4-E0BB-4116-BCF6-6B791B951DCF}"
EndProject
Global
	GlobalSection(SolutionConfigurationPlatforms) = preSolution
		Debug|Any CPU = Debug|Any CPU
		Release|Any CPU = Release|Any CPU
	EndGlobalSection
	GlobalSection(ProjectConfigurationPlatforms) = postSolution
		{EE8B08C4-E0BB-4116-BCF6-6B791B951DCF}.Debug|Any CPU.ActiveCfg = Debug|Any CPU
		{EE8B08C4-E0BB-4116-BCF6-6B791B951DCF}.Debug|Any CPU.Build.0 = Debug|Any CPU
		{EE8B08C4-E0BB-4116-BCF6-6B791B951DCF}.Release|Any CPU.ActiveCfg = Release|Any CPU
		{EE8B08C4-E0BB-4116-BCF6-6B791B951DCF}.Release|Any CPU.Build.0 = Release|Any CPU
	EndGlobalSection
	GlobalSection(SolutionProperties) = preSolution
		HideSolutionNode = FALSE
	EndGlobalSection
EndGlobal
